
Microsoft Visual Studio Solution File, Format Version 12.00
# Visual Studio 15
VisualStudioVersion = 15.0.28307.102
MinimumVisualStudioVersion = 10.0.40219.1
Project("{9A19103F-16F7-4668-BE54-9A1E7A4F7556}") = "SimpleUnitTest.Domain", "SimpleUnitTest.Domain\SimpleUnitTest.Domain.csproj", "{45E41FFE-3D5A-4768-888B-77846A8E5493}"
EndProject
Project("{9A19103F-16F7-4668-BE54-9A1E7A4F7556}") = "SimpleUnitTest.Domain.Test", "SimpleUnitTest.Domain.Test\SimpleUnitTest.Domain.Test.csproj", "{E9BD58D9-FCFA-40B6-9203-B77FA1790D95}"
EndProject
Global
	GlobalSection(SolutionConfigurationPlatforms) = preSolution
		Debug|Any CPU = Debug|Any CPU
		Release|Any CPU = Release|Any CPU
	EndGlobalSection
	GlobalSection(ProjectConfigurationPlatforms) = postSolution
		{45E41FFE-3D5A-4768-888B-77846A8E5493}.Debug|Any CPU.ActiveCfg = Debug|Any CPU
		{45E41FFE-3D5A-4768-888B-77846A8E5493}.Debug|Any CPU.Build.0 = Debug|Any CPU
		{45E41FFE-3D5A-4768-888B-77846A8E5493}.Release|Any CPU.ActiveCfg = Release|Any CPU
		{45E41FFE-3D5A-4768-888B-77846A8E5493}.Release|Any CPU.Build.0 = Release|Any CPU
		{E9BD58D9-FCFA-40B6-9203-B77FA1790D95}.Debug|Any CPU.ActiveCfg = Debug|Any CPU
		{E9BD58D9-FCFA-40B6-9203-B77FA1790D95}.Debug|Any CPU.Build.0 = Debug|Any CPU
		{E9BD58D9-FCFA-40B6-9203-B77FA1790D95}.Release|Any CPU.ActiveCfg = Release|Any CPU
		{E9BD58D9-FCFA-40B6-9203-B77FA1790D95}.Release|Any CPU.Build.0 = Release|Any CPU
	EndGlobalSection
	GlobalSection(SolutionProperties) = preSolution
		HideSolutionNode = FALSE
	EndGlobalSection
	GlobalSection(ExtensibilityGlobals) = postSolution
		SolutionGuid = {104CBB63-0E3B-4DCE-8F93-BA8E946EBCA0}
	EndGlobalSection
EndGlobal
